// !$*UTF8*$!
{
	archiveVersion = 1;
	classes = {
	};
	objectVersion = 60;
	objects = {

/* Begin PBXBuildFile section */
		98E9ADA02C59C85C00B75262 /* ItsukiTrackerApp.swift in Sources */ = {isa = PBXBuildFile; fileRef = 98E9AD9F2C59C85C00B75262 /* ItsukiTrackerApp.swift */; };
		98E9ADA42C59C85E00B75262 /* Assets.xcassets in Resources */ = {isa = PBXBuildFile; fileRef = 98E9ADA32C59C85E00B75262 /* Assets.xcassets */; };
		98E9ADA72C59C85E00B75262 /* Preview Assets.xcassets in Resources */ = {isa = PBXBuildFile; fileRef = 98E9ADA62C59C85E00B75262 /* Preview Assets.xcassets */; };
		98E9ADB22C59C8C600B75262 /* CameraManager.swift in Sources */ = {isa = PBXBuildFile; fileRef = 98E9ADB12C59C8C000B75262 /* CameraManager.swift */; };
		98E9ADB42C59C91600B75262 /* TrackingModel.swift in Sources */ = {isa = PBXBuildFile; fileRef = 98E9ADB32C59C91300B75262 /* TrackingModel.swift */; };
		98E9ADB62C59C92200B75262 /* TrackingDemoView.swift in Sources */ = {isa = PBXBuildFile; fileRef = 98E9ADB52C59C91E00B75262 /* TrackingDemoView.swift */; };
		98E9ADB82C59C98400B75262 /* VisionManager.swift in Sources */ = {isa = PBXBuildFile; fileRef = 98E9ADB72C59C98200B75262 /* VisionManager.swift */; };
		98E9ADBA2C59D26E00B75262 /* CentroidTracker.swift in Sources */ = {isa = PBXBuildFile; fileRef = 98E9ADB92C59D26A00B75262 /* CentroidTracker.swift */; };
		98E9ADBC2C5A106900B75262 /* LiveTrackingView.swift in Sources */ = {isa = PBXBuildFile; fileRef = 98E9ADBB2C5A106400B75262 /* LiveTrackingView.swift */; };
/* End PBXBuildFile section */

/* Begin PBXFileReference section */
		98E9AD9C2C59C85C00B75262 /* ItsukiTracker.app */ = {isa = PBXFileReference; explicitFileType = wrapper.application; includeInIndex = 0; path = ItsukiTracker.app; sourceTree = BUILT_PRODUCTS_DIR; };
		98E9AD9F2C59C85C00B75262 /* ItsukiTrackerApp.swift */ = {isa = PBXFileReference; lastKnownFileType = sourcecode.swift; path = ItsukiTrackerApp.swift; sourceTree = "<group>"; };
		98E9ADA32C59C85E00B75262 /* Assets.xcassets */ = {isa = PBXFileReference; lastKnownFileType = folder.assetcatalog; path = Assets.xcassets; sourceTree = "<group>"; };
		98E9ADA62C59C85E00B75262 /* Preview Assets.xcassets */ = {isa = PBXFileReference; lastKnownFileType = folder.assetcatalog; path = "Preview Assets.xcassets"; sourceTree = "<group>"; };
		98E9ADB12C59C8C000B75262 /* CameraManager.swift */ = {isa = PBXFileReference; lastKnownFileType = sourcecode.swift; path = CameraManager.swift; sourceTree = "<group>"; };
		98E9ADB32C59C91300B75262 /* TrackingModel.swift */ = {isa = PBXFileReference; lastKnownFileType = sourcecode.swift; path = TrackingModel.swift; sourceTree = "<group>"; };
		98E9ADB52C59C91E00B75262 /* TrackingDemoView.swift */ = {isa = PBXFileReference; lastKnownFileType = sourcecode.swift; path = TrackingDemoView.swift; sourceTree = "<group>"; };
		98E9ADB72C59C98200B75262 /* VisionManager.swift */ = {isa = PBXFileReference; lastKnownFileType = sourcecode.swift; path = VisionManager.swift; sourceTree = "<group>"; };
		98E9ADB92C59D26A00B75262 /* CentroidTracker.swift */ = {isa = PBXFileReference; lastKnownFileType = sourcecode.swift; path = CentroidTracker.swift; sourceTree = "<group>"; };
		98E9ADBB2C5A106400B75262 /* LiveTrackingView.swift */ = {isa = PBXFileReference; lastKnownFileType = sourcecode.swift; path = LiveTrackingView.swift; sourceTree = "<group>"; };
		98E9ADBD2C5A203D00B75262 /* .gitignore */ = {isa = PBXFileReference; lastKnownFileType = text; path = .gitignore; sourceTree = "<group>"; };
		98E9ADBE2C5A204700B75262 /* README.md */ = {isa = PBXFileReference; lastKnownFileType = net.daringfireball.markdown; path = README.md; sourceTree = "<group>"; };
		98E9ADC02C5A21B600B75262 /* trackingDemo.gif */ = {isa = PBXFileReference; lastKnownFileType = image.gif; path = trackingDemo.gif; sourceTree = "<group>"; };
/* End PBXFileReference section */

/* Begin PBXFrameworksBuildPhase section */
		98E9AD992C59C85C00B75262 /* Frameworks */ = {
			isa = PBXFrameworksBuildPhase;
			buildActionMask = 2147483647;
			files = (
			);
			runOnlyForDeploymentPostprocessing = 0;
		};
/* End PBXFrameworksBuildPhase section */

/* Begin PBXGroup section */
		98E9AD932C59C85C00B75262 = {
			isa = PBXGroup;
			children = (
				98E9ADBF2C5A20A500B75262 /* ReadmeAsset */,
				98E9ADBD2C5A203D00B75262 /* .gitignore */,
				98E9ADBE2C5A204700B75262 /* README.md */,
				98E9AD9E2C59C85C00B75262 /* ItsukiTracker */,
				98E9AD9D2C59C85C00B75262 /* Products */,
			);
			sourceTree = "<group>";
		};
		98E9AD9D2C59C85C00B75262 /* Products */ = {
			isa = PBXGroup;
			children = (
				98E9AD9C2C59C85C00B75262 /* ItsukiTracker.app */,
			);
			name = Products;
			sourceTree = "<group>";
		};
		98E9AD9E2C59C85C00B75262 /* ItsukiTracker */ = {
			isa = PBXGroup;
			children = (
				98E9ADB02C59C88C00B75262 /* View */,
				98E9ADAF2C59C88200B75262 /* Model */,
				98E9ADAE2C59C87D00B75262 /* Manager */,
				98E9AD9F2C59C85C00B75262 /* ItsukiTrackerApp.swift */,
				98E9ADA32C59C85E00B75262 /* Assets.xcassets */,
				98E9ADA52C59C85E00B75262 /* Preview Content */,
			);
			path = ItsukiTracker;
			sourceTree = "<group>";
		};
		98E9ADA52C59C85E00B75262 /* Preview Content */ = {
			isa = PBXGroup;
			children = (
				98E9ADA62C59C85E00B75262 /* Preview Assets.xcassets */,
			);
			path = "Preview Content";
			sourceTree = "<group>";
		};
		98E9ADAE2C59C87D00B75262 /* Manager */ = {
			isa = PBXGroup;
			children = (
				98E9ADB92C59D26A00B75262 /* CentroidTracker.swift */,
				98E9ADB72C59C98200B75262 /* VisionManager.swift */,
				98E9ADB12C59C8C000B75262 /* CameraManager.swift */,
			);
			path = Manager;
			sourceTree = "<group>";
		};
		98E9ADAF2C59C88200B75262 /* Model */ = {
			isa = PBXGroup;
			children = (
				98E9ADB32C59C91300B75262 /* TrackingModel.swift */,
			);
			path = Model;
			sourceTree = "<group>";
		};
		98E9ADB02C59C88C00B75262 /* View */ = {
			isa = PBXGroup;
			children = (
				98E9ADBB2C5A106400B75262 /* LiveTrackingView.swift */,
				98E9ADB52C59C91E00B75262 /* TrackingDemoView.swift */,
			);
			path = View;
			sourceTree = "<group>";
		};
		98E9ADBF2C5A20A500B75262 /* ReadmeAsset */ = {
			isa = PBXGroup;
			children = (
				98E9ADC02C5A21B600B75262 /* trackingDemo.gif */,
			);
			path = ReadmeAsset;
			sourceTree = "<group>";
		};
/* End PBXGroup section */

/* Begin PBXNativeTarget section */
		98E9AD9B2C59C85C00B75262 /* ItsukiTracker */ = {
			isa = PBXNativeTarget;
			buildConfigurationList = 98E9ADAA2C59C85E00B75262 /* Build configuration list for PBXNativeTarget "ItsukiTracker" */;
			buildPhases = (
				98E9AD982C59C85C00B75262 /* Sources */,
				98E9AD992C59C85C00B75262 /* Frameworks */,
				98E9AD9A2C59C85C00B75262 /* Resources */,
			);
			buildRules = (
			);
			dependencies = (
			);
			name = ItsukiTracker;
			productName = ItsukiTracker;
			productReference = 98E9AD9C2C59C85C00B75262 /* ItsukiTracker.app */;
			productType = "com.apple.product-type.application";
		};
/* End PBXNativeTarget section */

/* Begin PBXProject section */
		98E9AD942C59C85C00B75262 /* Project object */ = {
			isa = PBXProject;
			attributes = {
				BuildIndependentTargetsInParallel = 1;
				LastSwiftUpdateCheck = 1600;
				LastUpgradeCheck = 1600;
				TargetAttributes = {
					98E9AD9B2C59C85C00B75262 = {
						CreatedOnToolsVersion = 16.0;
					};
				};
			};
			buildConfigurationList = 98E9AD972C59C85C00B75262 /* Build configuration list for PBXProject "ItsukiTracker" */;
			compatibilityVersion = "Xcode 15.0";
			developmentRegion = en;
			hasScannedForEncodings = 0;
			knownRegions = (
				en,
				Base,
			);
			mainGroup = 98E9AD932C59C85C00B75262;
			productRefGroup = 98E9AD9D2C59C85C00B75262 /* Products */;
			projectDirPath = "";
			projectRoot = "";
			targets = (
				98E9AD9B2C59C85C00B75262 /* ItsukiTracker */,
			);
		};
/* End PBXProject section */

/* Begin PBXResourcesBuildPhase section */
		98E9AD9A2C59C85C00B75262 /* Resources */ = {
			isa = PBXResourcesBuildPhase;
			buildActionMask = 2147483647;
			files = (
				98E9ADA72C59C85E00B75262 /* Preview Assets.xcassets in Resources */,
				98E9ADA42C59C85E00B75262 /* Assets.xcassets in Resources */,
			);
			runOnlyForDeploymentPostprocessing = 0;
		};
/* End PBXResourcesBuildPhase section */

/* Begin PBXSourcesBuildPhase section */
		98E9AD982C59C85C00B75262 /* Sources */ = {
			isa = PBXSourcesBuildPhase;
			buildActionMask = 2147483647;
			files = (
				98E9ADB62C59C92200B75262 /* TrackingDemoView.swift in Sources */,
				98E9ADB22C59C8C600B75262 /* CameraManager.swift in Sources */,
				98E9ADB82C59C98400B75262 /* VisionManager.swift in Sources */,
				98E9ADB42C59C91600B75262 /* TrackingModel.swift in Sources */,
				98E9ADA02C59C85C00B75262 /* ItsukiTrackerApp.swift in Sources */,
				98E9ADBA2C59D26E00B75262 /* CentroidTracker.swift in Sources */,
				98E9ADBC2C5A106900B75262 /* LiveTrackingView.swift in Sources */,
			);
			runOnlyForDeploymentPostprocessing = 0;
		};
/* End PBXSourcesBuildPhase section */

/* Begin XCBuildConfiguration section */
		98E9ADA82C59C85E00B75262 /* Debug */ = {
			isa = XCBuildConfiguration;
			buildSettings = {
				ALWAYS_SEARCH_USER_PATHS = NO;
				ASSETCATALOG_COMPILER_GENERATE_SWIFT_ASSET_SYMBOL_EXTENSIONS = YES;
				CLANG_ANALYZER_NONNULL = YES;
				CLANG_ANALYZER_NUMBER_OBJECT_CONVERSION = YES_AGGRESSIVE;
				CLANG_CXX_LANGUAGE_STANDARD = "gnu++20";
				CLANG_ENABLE_MODULES = YES;
				CLANG_ENABLE_OBJC_ARC = YES;
				CLANG_ENABLE_OBJC_WEAK = YES;
				CLANG_WARN_BLOCK_CAPTURE_AUTORELEASING = YES;
				CLANG_WARN_BOOL_CONVERSION = YES;
				CLANG_WARN_COMMA = YES;
				CLANG_WARN_CONSTANT_CONVERSION = YES;
				CLANG_WARN_DEPRECATED_OBJC_IMPLEMENTATIONS = YES;
				CLANG_WARN_DIRECT_OBJC_ISA_USAGE = YES_ERROR;
				CLANG_WARN_DOCUMENTATION_COMMENTS = YES;
				CLANG_WARN_EMPTY_BODY = YES;
				CLANG_WARN_ENUM_CONVERSION = YES;
				CLANG_WARN_INFINITE_RECURSION = YES;
				CLANG_WARN_INT_CONVERSION = YES;
				CLANG_WARN_NON_LITERAL_NULL_CONVERSION = YES;
				CLANG_WARN_OBJC_IMPLICIT_RETAIN_SELF = YES;
				CLANG_WARN_OBJC_LITERAL_CONVERSION = YES;
				CLANG_WARN_OBJC_ROOT_CLASS = YES_ERROR;
				CLANG_WARN_QUOTED_INCLUDE_IN_FRAMEWORK_HEADER = YES;
				CLANG_WARN_RANGE_LOOP_ANALYSIS = YES;
				CLANG_WARN_STRICT_PROTOTYPES = YES;
				CLANG_WARN_SUSPICIOUS_MOVE = YES;
				CLANG_WARN_UNGUARDED_AVAILABILITY = YES_AGGRESSIVE;
				CLANG_WARN_UNREACHABLE_CODE = YES;
				CLANG_WARN__DUPLICATE_METHOD_MATCH = YES;
				COPY_PHASE_STRIP = NO;
				DEBUG_INFORMATION_FORMAT = dwarf;
				ENABLE_STRICT_OBJC_MSGSEND = YES;
				ENABLE_TESTABILITY = YES;
				ENABLE_USER_SCRIPT_SANDBOXING = YES;
				GCC_C_LANGUAGE_STANDARD = gnu17;
				GCC_DYNAMIC_NO_PIC = NO;
				GCC_NO_COMMON_BLOCKS = YES;
				GCC_OPTIMIZATION_LEVEL = 0;
				GCC_PREPROCESSOR_DEFINITIONS = (
					"DEBUG=1",
					"$(inherited)",
				);
				GCC_WARN_64_TO_32_BIT_CONVERSION = YES;
				GCC_WARN_ABOUT_RETURN_TYPE = YES_ERROR;
				GCC_WARN_UNDECLARED_SELECTOR = YES;
				GCC_WARN_UNINITIALIZED_AUTOS = YES_AGGRESSIVE;
				GCC_WARN_UNUSED_FUNCTION = YES;
				GCC_WARN_UNUSED_VARIABLE = YES;
				IPHONEOS_DEPLOYMENT_TARGET = 18.0;
				LOCALIZATION_PREFERS_STRING_CATALOGS = YES;
				MTL_ENABLE_DEBUG_INFO = INCLUDE_SOURCE;
				MTL_FAST_MATH = YES;
				ONLY_ACTIVE_ARCH = YES;
				SDKROOT = iphoneos;
				SWIFT_ACTIVE_COMPILATION_CONDITIONS = "DEBUG $(inherited)";
				SWIFT_OPTIMIZATION_LEVEL = "-Onone";
			};
			name = Debug;
		};
		98E9ADA92C59C85E00B75262 /* Release */ = {
			isa = XCBuildConfiguration;
			buildSettings = {
				ALWAYS_SEARCH_USER_PATHS = NO;
				ASSETCATALOG_COMPILER_GENERATE_SWIFT_ASSET_SYMBOL_EXTENSIONS = YES;
				CLANG_ANALYZER_NONNULL = YES;
				CLANG_ANALYZER_NUMBER_OBJECT_CONVERSION = YES_AGGRESSIVE;
				CLANG_CXX_LANGUAGE_STANDARD = "gnu++20";
				CLANG_ENABLE_MODULES = YES;
				CLANG_ENABLE_OBJC_ARC = YES;
				CLANG_ENABLE_OBJC_WEAK = YES;
				CLANG_WARN_BLOCK_CAPTURE_AUTORELEASING = YES;
				CLANG_WARN_BOOL_CONVERSION = YES;
				CLANG_WARN_COMMA = YES;
				CLANG_WARN_CONSTANT_CONVERSION = YES;
				CLANG_WARN_DEPRECATED_OBJC_IMPLEMENTATIONS = YES;
				CLANG_WARN_DIRECT_OBJC_ISA_USAGE = YES_ERROR;
				CLANG_WARN_DOCUMENTATION_COMMENTS = YES;
				CLANG_WARN_EMPTY_BODY = YES;
				CLANG_WARN_ENUM_CONVERSION = YES;
				CLANG_WARN_INFINITE_RECURSION = YES;
				CLANG_WARN_INT_CONVERSION = YES;
				CLANG_WARN_NON_LITERAL_NULL_CONVERSION = YES;
				CLANG_WARN_OBJC_IMPLICIT_RETAIN_SELF = YES;
				CLANG_WARN_OBJC_LITERAL_CONVERSION = YES;
				CLANG_WARN_OBJC_ROOT_CLASS = YES_ERROR;
				CLANG_WARN_QUOTED_INCLUDE_IN_FRAMEWORK_HEADER = YES;
				CLANG_WARN_RANGE_LOOP_ANALYSIS = YES;
				CLANG_WARN_STRICT_PROTOTYPES = YES;
				CLANG_WARN_SUSPICIOUS_MOVE = YES;
				CLANG_WARN_UNGUARDED_AVAILABILITY = YES_AGGRESSIVE;
				CLANG_WARN_UNREACHABLE_CODE = YES;
				CLANG_WARN__DUPLICATE_METHOD_MATCH = YES;
				COPY_PHASE_STRIP = NO;
				DEBUG_INFORMATION_FORMAT = "dwarf-with-dsym";
				ENABLE_NS_ASSERTIONS = NO;
				ENABLE_STRICT_OBJC_MSGSEND = YES;
				ENABLE_USER_SCRIPT_SANDBOXING = YES;
				GCC_C_LANGUAGE_STANDARD = gnu17;
				GCC_NO_COMMON_BLOCKS = YES;
				GCC_WARN_64_TO_32_BIT_CONVERSION = YES;
				GCC_WARN_ABOUT_RETURN_TYPE = YES_ERROR;
				GCC_WARN_UNDECLARED_SELECTOR = YES;
				GCC_WARN_UNINITIALIZED_AUTOS = YES_AGGRESSIVE;
				GCC_WARN_UNUSED_FUNCTION = YES;
				GCC_WARN_UNUSED_VARIABLE = YES;
				IPHONEOS_DEPLOYMENT_TARGET = 18.0;
				LOCALIZATION_PREFERS_STRING_CATALOGS = YES;
				MTL_ENABLE_DEBUG_INFO = NO;
				MTL_FAST_MATH = YES;
				SDKROOT = iphoneos;
				SWIFT_COMPILATION_MODE = wholemodule;
				VALIDATE_PRODUCT = YES;
			};
			name = Release;
		};
		98E9ADAB2C59C85E00B75262 /* Debug */ = {
			isa = XCBuildConfiguration;
			buildSettings = {
				ASSETCATALOG_COMPILER_APPICON_NAME = AppIcon;
				ASSETCATALOG_COMPILER_GLOBAL_ACCENT_COLOR_NAME = AccentColor;
				CODE_SIGN_STYLE = Automatic;
				CURRENT_PROJECT_VERSION = 1;
				DEVELOPMENT_ASSET_PATHS = "\"ItsukiTracker/Preview Content\"";
				DEVELOPMENT_TEAM = NLTYK5T6U3;
				ENABLE_PREVIEWS = YES;
				GENERATE_INFOPLIST_FILE = YES;
				INFOPLIST_KEY_NSCameraUsageDescription = "Camera Acess required for live tracking";
				INFOPLIST_KEY_UIApplicationSceneManifest_Generation = YES;
				INFOPLIST_KEY_UIApplicationSupportsIndirectInputEvents = YES;
				INFOPLIST_KEY_UILaunchScreen_Generation = YES;
				INFOPLIST_KEY_UISupportedInterfaceOrientations_iPad = "UIInterfaceOrientationPortrait UIInterfaceOrientationPortraitUpsideDown UIInterfaceOrientationLandscapeLeft UIInterfaceOrientationLandscapeRight";
				INFOPLIST_KEY_UISupportedInterfaceOrientations_iPhone = "UIInterfaceOrientationPortrait UIInterfaceOrientationLandscapeLeft UIInterfaceOrientationLandscapeRight";
				LD_RUNPATH_SEARCH_PATHS = (
					"$(inherited)",
					"@executable_path/Frameworks",
				);
				MARKETING_VERSION = 1.0;
				PRODUCT_BUNDLE_IDENTIFIER = itsuki.enjoy.ItsukiTracker;
				PRODUCT_NAME = "$(TARGET_NAME)";
				SWIFT_EMIT_LOC_STRINGS = YES;
				SWIFT_VERSION = 5.0;
				TARGETED_DEVICE_FAMILY = "1,2";
			};
			name = Debug;
		};
		98E9ADAC2C59C85E00B75262 /* Release */ = {
			isa = XCBuildConfiguration;
			buildSettings = {
				ASSETCATALOG_COMPILER_APPICON_NAME = AppIcon;
				ASSETCATALOG_COMPILER_GLOBAL_ACCENT_COLOR_NAME = AccentColor;
				CODE_SIGN_STYLE = Automatic;
				CURRENT_PROJECT_VERSION = 1;
				DEVELOPMENT_ASSET_PATHS = "\"ItsukiTracker/Preview Content\"";
				DEVELOPMENT_TEAM = NLTYK5T6U3;
				ENABLE_PREVIEWS = YES;
				GENERATE_INFOPLIST_FILE = YES;
				INFOPLIST_KEY_NSCameraUsageDescription = "Camera Acess required for live tracking";
				INFOPLIST_KEY_UIApplicationSceneManifest_Generation = YES;
				INFOPLIST_KEY_UIApplicationSupportsIndirectInputEvents = YES;
				INFOPLIST_KEY_UILaunchScreen_Generation = YES;
				INFOPLIST_KEY_UISupportedInterfaceOrientations_iPad = "UIInterfaceOrientationPortrait UIInterfaceOrientationPortraitUpsideDown UIInterfaceOrientationLandscapeLeft UIInterfaceOrientationLandscapeRight";
				INFOPLIST_KEY_UISupportedInterfaceOrientations_iPhone = "UIInterfaceOrientationPortrait UIInterfaceOrientationLandscapeLeft UIInterfaceOrientationLandscapeRight";
				LD_RUNPATH_SEARCH_PATHS = (
					"$(inherited)",
					"@executable_path/Frameworks",
				);
				MARKETING_VERSION = 1.0;
				PRODUCT_BUNDLE_IDENTIFIER = itsuki.enjoy.ItsukiTracker;
				PRODUCT_NAME = "$(TARGET_NAME)";
				SWIFT_EMIT_LOC_STRINGS = YES;
				SWIFT_VERSION = 5.0;
				TARGETED_DEVICE_FAMILY = "1,2";
			};
			name = Release;
		};
/* End XCBuildConfiguration section */

/* Begin XCConfigurationList section */
		98E9AD972C59C85C00B75262 /* Build configuration list for PBXProject "ItsukiTracker" */ = {
			isa = XCConfigurationList;
			buildConfigurations = (
				98E9ADA82C59C85E00B75262 /* Debug */,
				98E9ADA92C59C85E00B75262 /* Release */,
			);
			defaultConfigurationIsVisible = 0;
			defaultConfigurationName = Release;
		};
		98E9ADAA2C59C85E00B75262 /* Build configuration list for PBXNativeTarget "ItsukiTracker" */ = {
			isa = XCConfigurationList;
			buildConfigurations = (
				98E9ADAB2C59C85E00B75262 /* Debug */,
				98E9ADAC2C59C85E00B75262 /* Release */,
			);
			defaultConfigurationIsVisible = 0;
			defaultConfigurationName = Release;
		};
/* End XCConfigurationList section */
	};
	rootObject = 98E9AD942C59C85C00B75262 /* Project object */;
}
